
Microsoft Visual Studio Solution File, Format Version 12.00
# Visual Studio Version 16
VisualStudioVersion = 16.0.30002.166
MinimumVisualStudioVersion = 10.0.40219.1
Project("{9092AA53-FB77-4645-B42D-1CCCA6BD08BD}") = "Denuncias", "Denuncias.njsproj", "{58CE2038-A33C-471C-9391-A00164BEEE12}"
EndProject
Global
	GlobalSection(SolutionConfigurationPlatforms) = preSolution
		Debug|Any CPU = Debug|Any CPU
		Release|Any CPU = Release|Any CPU
	EndGlobalSection
	GlobalSection(ProjectConfigurationPlatforms) = postSolution
		{58CE2038-A33C-471C-9391-A00164BEEE12}.Debug|Any CPU.ActiveCfg = Debug|Any CPU
		{58CE2038-A33C-471C-9391-A00164BEEE12}.Debug|Any CPU.Build.0 = Debug|Any CPU
		{58CE2038-A33C-471C-9391-A00164BEEE12}.Release|Any CPU.ActiveCfg = Release|Any CPU
		{58CE2038-A33C-471C-9391-A00164BEEE12}.Release|Any CPU.Build.0 = Release|Any CPU
	EndGlobalSection
	GlobalSection(SolutionProperties) = preSolution
		HideSolutionNode = FALSE
	EndGlobalSection
	GlobalSection(ExtensibilityGlobals) = postSolution
		SolutionGuid = {DBA56843-F2D8-4CF4-80AF-7775E8CFA274}
	EndGlobalSection
EndGlobal
